
Microsoft Visual Studio Solution File, Format Version 12.00
# Visual Studio Version 16
VisualStudioVersion = 16.0.30011.22
MinimumVisualStudioVersion = 10.0.40219.1
Project("{FAE04EC0-301F-11D3-BF4B-00C04F79EFBC}") = "MD5_Encryption_Decryption_with_AES_and_RSA_Algorithms", "MD5_Encryption_Decryption_with_AES_and_RSA_Algorithms\MD5_Encryption_Decryption_with_AES_and_RSA_Algorithms.csproj", "{4A70FDB7-28A8-4DF4-BD7D-CA229B167820}"
EndProject
Global
	GlobalSection(SolutionConfigurationPlatforms) = preSolution
		Debug|Any CPU = Debug|Any CPU
		Release|Any CPU = Release|Any CPU
	EndGlobalSection
	GlobalSection(ProjectConfigurationPlatforms) = postSolution
		{4A70FDB7-28A8-4DF4-BD7D-CA229B167820}.Debug|Any CPU.ActiveCfg = Debug|Any CPU
		{4A70FDB7-28A8-4DF4-BD7D-CA229B167820}.Debug|Any CPU.Build.0 = Debug|Any CPU
		{4A70FDB7-28A8-4DF4-BD7D-CA229B167820}.Release|Any CPU.ActiveCfg = Release|Any CPU
		{4A70FDB7-28A8-4DF4-BD7D-CA229B167820}.Release|Any CPU.Build.0 = Release|Any CPU
	EndGlobalSection
	GlobalSection(SolutionProperties) = preSolution
		HideSolutionNode = FALSE
	EndGlobalSection
	GlobalSection(ExtensibilityGlobals) = postSolution
		SolutionGuid = {1EBF6BBE-42C4-4B86-90B4-6CF627D50C29}
	EndGlobalSection
EndGlobal
